
Microsoft Visual Studio Solution File, Format Version 12.00
# Visual Studio 2013
VisualStudioVersion = 12.0.31101.0
MinimumVisualStudioVersion = 10.0.40219.1
Project("{2150E333-8FDC-42A3-9474-1A3956D46DE8}") = "01 Presentation", "01 Presentation", "{5D506593-A2D6-403C-8A40-884D807E771D}"
EndProject
Project("{2150E333-8FDC-42A3-9474-1A3956D46DE8}") = "02 Service", "02 Service", "{6975616F-9EF4-4301-AA2E-C7896AE32967}"
EndProject
Project("{2150E333-8FDC-42A3-9474-1A3956D46DE8}") = "03 Repository", "03 Repository", "{8543432C-7433-4225-A78A-F92D47ABDFF9}"
EndProject
Project("{2150E333-8FDC-42A3-9474-1A3956D46DE8}") = "04 Infrastructure", "04 Infrastructure", "{D07C4CB9-5FF3-487A-996B-B0060A4D00D1}"
EndProject
Project("{FAE04EC0-301F-11D3-BF4B-00C04F79EFBC}") = "ZYN.BLOG.Model", "ZYN.BLOG.Model\ZYN.BLOG.Model.csproj", "{B0BB97FD-1EF6-493E-8471-4A05D4177B74}"
	ProjectSection(ProjectDependencies) = postProject
		{B20D9511-8E1D-470D-9680-87CABF9D6AC7} = {B20D9511-8E1D-470D-9680-87CABF9D6AC7}
	EndProjectSection
EndProject
Project("{FAE04EC0-301F-11D3-BF4B-00C04F79EFBC}") = "ZYN.BLOG", "ZYN.BLOG\ZYN.BLOG.csproj", "{3B7B4943-8AF2-4A9F-9BCA-4FC033EC7087}"
	ProjectSection(ProjectDependencies) = postProject
		{D3FD0468-FEED-4ABE-8B50-EA405E3C777C} = {D3FD0468-FEED-4ABE-8B50-EA405E3C777C}
		{8820A07A-98EC-4B58-B0EE-F5E9E44D174A} = {8820A07A-98EC-4B58-B0EE-F5E9E44D174A}
	EndProjectSection
EndProject
Project("{FAE04EC0-301F-11D3-BF4B-00C04F79EFBC}") = "ZYN.BLOG.IDAL", "ZYN.BLOG.IDAL\ZYN.BLOG.IDAL.csproj", "{EF584863-D131-47A9-BCA6-ED7E4E0E3DEA}"
	ProjectSection(ProjectDependencies) = postProject
		{B20D9511-8E1D-470D-9680-87CABF9D6AC7} = {B20D9511-8E1D-470D-9680-87CABF9D6AC7}
	EndProjectSection
EndProject
Project("{FAE04EC0-301F-11D3-BF4B-00C04F79EFBC}") = "ZYN.BLOG.DAL", "ZYN.BLOG.DAL\ZYN.BLOG.DAL.csproj", "{8BAF94D3-0C2A-4DC5-B2EA-C3B63F63AC1E}"
	ProjectSection(ProjectDependencies) = postProject
		{B20D9511-8E1D-470D-9680-87CABF9D6AC7} = {B20D9511-8E1D-470D-9680-87CABF9D6AC7}
	EndProjectSection
EndProject
Project("{FAE04EC0-301F-11D3-BF4B-00C04F79EFBC}") = "ZYN.BLOG.IBLL", "ZYN.BLOG.IBLL\ZYN.BLOG.IBLL.csproj", "{50CCEE8B-46C0-4BE4-90C6-825258D4FE53}"
	ProjectSection(ProjectDependencies) = postProject
		{B20D9511-8E1D-470D-9680-87CABF9D6AC7} = {B20D9511-8E1D-470D-9680-87CABF9D6AC7}
	EndProjectSection
EndProject
Project("{FAE04EC0-301F-11D3-BF4B-00C04F79EFBC}") = "ZYN.BLOG.BLL", "ZYN.BLOG.BLL\ZYN.BLOG.BLL.csproj", "{87F7CA03-7131-44BD-9634-B7803A1D63CF}"
	ProjectSection(ProjectDependencies) = postProject
		{8820A07A-98EC-4B58-B0EE-F5E9E44D174A} = {8820A07A-98EC-4B58-B0EE-F5E9E44D174A}
	EndProjectSection
EndProject
Project("{FAE04EC0-301F-11D3-BF4B-00C04F79EFBC}") = "ZYN.BLOG.Common", "ZYN.BLOG.Common\ZYN.BLOG.Common.csproj", "{B20D9511-8E1D-470D-9680-87CABF9D6AC7}"
EndProject
Project("{FAE04EC0-301F-11D3-BF4B-00C04F79EFBC}") = "ZYN.BLOG.Inject", "ZYN.BLOG.Inject\ZYN.BLOG.Inject.csproj", "{8820A07A-98EC-4B58-B0EE-F5E9E44D174A}"
	ProjectSection(ProjectDependencies) = postProject
		{B20D9511-8E1D-470D-9680-87CABF9D6AC7} = {B20D9511-8E1D-470D-9680-87CABF9D6AC7}
	EndProjectSection
EndProject
Project("{FAE04EC0-301F-11D3-BF4B-00C04F79EFBC}") = "ZYN.BLOG.WebHelper", "ZYN.BLOG.WebHelper\ZYN.BLOG.WebHelper.csproj", "{D3FD0468-FEED-4ABE-8B50-EA405E3C777C}"
	ProjectSection(ProjectDependencies) = postProject
		{B20D9511-8E1D-470D-9680-87CABF9D6AC7} = {B20D9511-8E1D-470D-9680-87CABF9D6AC7}
		{8820A07A-98EC-4B58-B0EE-F5E9E44D174A} = {8820A07A-98EC-4B58-B0EE-F5E9E44D174A}
		{50CCEE8B-46C0-4BE4-90C6-825258D4FE53} = {50CCEE8B-46C0-4BE4-90C6-825258D4FE53}
		{B0BB97FD-1EF6-493E-8471-4A05D4177B74} = {B0BB97FD-1EF6-493E-8471-4A05D4177B74}
	EndProjectSection
EndProject
Project("{FAE04EC0-301F-11D3-BF4B-00C04F79EFBC}") = "ZYN.BLOG.SiteSearch", "ZYN.BLOG.SiteSearch\ZYN.BLOG.SiteSearch.csproj", "{A5493EEE-5FE4-4B92-A131-1BD180CDF1A6}"
EndProject
Global
	GlobalSection(SubversionScc) = preSolution
		Svn-Managed = True
		Manager = AnkhSVN - Subversion Support for Visual Studio
	EndGlobalSection
	GlobalSection(SolutionConfigurationPlatforms) = preSolution
		Debug|Any CPU = Debug|Any CPU
		Release|Any CPU = Release|Any CPU
	EndGlobalSection
	GlobalSection(ProjectConfigurationPlatforms) = postSolution
		{B0BB97FD-1EF6-493E-8471-4A05D4177B74}.Debug|Any CPU.ActiveCfg = Debug|Any CPU
		{B0BB97FD-1EF6-493E-8471-4A05D4177B74}.Debug|Any CPU.Build.0 = Debug|Any CPU
		{B0BB97FD-1EF6-493E-8471-4A05D4177B74}.Release|Any CPU.ActiveCfg = Release|Any CPU
		{B0BB97FD-1EF6-493E-8471-4A05D4177B74}.Release|Any CPU.Build.0 = Release|Any CPU
		{3B7B4943-8AF2-4A9F-9BCA-4FC033EC7087}.Debug|Any CPU.ActiveCfg = Debug|Any CPU
		{3B7B4943-8AF2-4A9F-9BCA-4FC033EC7087}.Debug|Any CPU.Build.0 = Debug|Any CPU
		{3B7B4943-8AF2-4A9F-9BCA-4FC033EC7087}.Release|Any CPU.ActiveCfg = Release|Any CPU
		{3B7B4943-8AF2-4A9F-9BCA-4FC033EC7087}.Release|Any CPU.Build.0 = Release|Any CPU
		{EF584863-D131-47A9-BCA6-ED7E4E0E3DEA}.Debug|Any CPU.ActiveCfg = Debug|Any CPU
		{EF584863-D131-47A9-BCA6-ED7E4E0E3DEA}.Debug|Any CPU.Build.0 = Debug|Any CPU
		{EF584863-D131-47A9-BCA6-ED7E4E0E3DEA}.Release|Any CPU.ActiveCfg = Release|Any CPU
		{EF584863-D131-47A9-BCA6-ED7E4E0E3DEA}.Release|Any CPU.Build.0 = Release|Any CPU
		{8BAF94D3-0C2A-4DC5-B2EA-C3B63F63AC1E}.Debug|Any CPU.ActiveCfg = Debug|Any CPU
		{8BAF94D3-0C2A-4DC5-B2EA-C3B63F63AC1E}.Debug|Any CPU.Build.0 = Debug|Any CPU
		{8BAF94D3-0C2A-4DC5-B2EA-C3B63F63AC1E}.Release|Any CPU.ActiveCfg = Release|Any CPU
		{8BAF94D3-0C2A-4DC5-B2EA-C3B63F63AC1E}.Release|Any CPU.Build.0 = Release|Any CPU
		{50CCEE8B-46C0-4BE4-90C6-825258D4FE53}.Debug|Any CPU.ActiveCfg = Debug|Any CPU
		{50CCEE8B-46C0-4BE4-90C6-825258D4FE53}.Debug|Any CPU.Build.0 = Debug|Any CPU
		{50CCEE8B-46C0-4BE4-90C6-825258D4FE53}.Release|Any CPU.ActiveCfg = Release|Any CPU
		{50CCEE8B-46C0-4BE4-90C6-825258D4FE53}.Release|Any CPU.Build.0 = Release|Any CPU
		{87F7CA03-7131-44BD-9634-B7803A1D63CF}.Debug|Any CPU.ActiveCfg = Debug|Any CPU
		{87F7CA03-7131-44BD-9634-B7803A1D63CF}.Debug|Any CPU.Build.0 = Debug|Any CPU
		{87F7CA03-7131-44BD-9634-B7803A1D63CF}.Release|Any CPU.ActiveCfg = Release|Any CPU
		{87F7CA03-7131-44BD-9634-B7803A1D63CF}.Release|Any CPU.Build.0 = Release|Any CPU
		{B20D9511-8E1D-470D-9680-87CABF9D6AC7}.Debug|Any CPU.ActiveCfg = Debug|Any CPU
		{B20D9511-8E1D-470D-9680-87CABF9D6AC7}.Debug|Any CPU.Build.0 = Debug|Any CPU
		{B20D9511-8E1D-470D-9680-87CABF9D6AC7}.Release|Any CPU.ActiveCfg = Release|Any CPU
		{B20D9511-8E1D-470D-9680-87CABF9D6AC7}.Release|Any CPU.Build.0 = Release|Any CPU
		{8820A07A-98EC-4B58-B0EE-F5E9E44D174A}.Debug|Any CPU.ActiveCfg = Debug|Any CPU
		{8820A07A-98EC-4B58-B0EE-F5E9E44D174A}.Debug|Any CPU.Build.0 = Debug|Any CPU
		{8820A07A-98EC-4B58-B0EE-F5E9E44D174A}.Release|Any CPU.ActiveCfg = Release|Any CPU
		{8820A07A-98EC-4B58-B0EE-F5E9E44D174A}.Release|Any CPU.Build.0 = Release|Any CPU
		{D3FD0468-FEED-4ABE-8B50-EA405E3C777C}.Debug|Any CPU.ActiveCfg = Debug|Any CPU
		{D3FD0468-FEED-4ABE-8B50-EA405E3C777C}.Debug|Any CPU.Build.0 = Debug|Any CPU
		{D3FD0468-FEED-4ABE-8B50-EA405E3C777C}.Release|Any CPU.ActiveCfg = Release|Any CPU
		{D3FD0468-FEED-4ABE-8B50-EA405E3C777C}.Release|Any CPU.Build.0 = Release|Any CPU
		{A5493EEE-5FE4-4B92-A131-1BD180CDF1A6}.Debug|Any CPU.ActiveCfg = Debug|Any CPU
		{A5493EEE-5FE4-4B92-A131-1BD180CDF1A6}.Debug|Any CPU.Build.0 = Debug|Any CPU
		{A5493EEE-5FE4-4B92-A131-1BD180CDF1A6}.Release|Any CPU.ActiveCfg = Release|Any CPU
		{A5493EEE-5FE4-4B92-A131-1BD180CDF1A6}.Release|Any CPU.Build.0 = Release|Any CPU
	EndGlobalSection
	GlobalSection(SolutionProperties) = preSolution
		HideSolutionNode = FALSE
	EndGlobalSection
	GlobalSection(NestedProjects) = preSolution
		{B0BB97FD-1EF6-493E-8471-4A05D4177B74} = {D07C4CB9-5FF3-487A-996B-B0060A4D00D1}
		{3B7B4943-8AF2-4A9F-9BCA-4FC033EC7087} = {5D506593-A2D6-403C-8A40-884D807E771D}
		{EF584863-D131-47A9-BCA6-ED7E4E0E3DEA} = {8543432C-7433-4225-A78A-F92D47ABDFF9}
		{8BAF94D3-0C2A-4DC5-B2EA-C3B63F63AC1E} = {8543432C-7433-4225-A78A-F92D47ABDFF9}
		{50CCEE8B-46C0-4BE4-90C6-825258D4FE53} = {6975616F-9EF4-4301-AA2E-C7896AE32967}
		{87F7CA03-7131-44BD-9634-B7803A1D63CF} = {6975616F-9EF4-4301-AA2E-C7896AE32967}
		{B20D9511-8E1D-470D-9680-87CABF9D6AC7} = {D07C4CB9-5FF3-487A-996B-B0060A4D00D1}
		{8820A07A-98EC-4B58-B0EE-F5E9E44D174A} = {D07C4CB9-5FF3-487A-996B-B0060A4D00D1}
		{D3FD0468-FEED-4ABE-8B50-EA405E3C777C} = {5D506593-A2D6-403C-8A40-884D807E771D}
		{A5493EEE-5FE4-4B92-A131-1BD180CDF1A6} = {5D506593-A2D6-403C-8A40-884D807E771D}
	EndGlobalSection
EndGlobal
